
Microsoft Visual Studio Solution File, Format Version 12.00
# Visual Studio Version 17
VisualStudioVersion = 17.0.32112.339
MinimumVisualStudioVersion = 10.0.40219.1
Project("{8BC9CEB8-8B4A-11D0-8D11-00A0C91BC942}") = "LinkedList", "LinkedList\LinkedList.vcxproj", "{1877D787-C4D5-486D-82A3-0FC44E9F7EEC}"
EndProject
Global
	GlobalSection(SolutionConfigurationPlatforms) = preSolution
		Debug|x64 = Debug|x64
		Debug|x86 = Debug|x86
		Release|x64 = Release|x64
		Release|x86 = Release|x86
	EndGlobalSection
	GlobalSection(ProjectConfigurationPlatforms) = postSolution
		{1877D787-C4D5-486D-82A3-0FC44E9F7EEC}.Debug|x64.ActiveCfg = Debug|x64
		{1877D787-C4D5-486D-82A3-0FC44E9F7EEC}.Debug|x64.Build.0 = Debug|x64
		{1877D787-C4D5-486D-82A3-0FC44E9F7EEC}.Debug|x86.ActiveCfg = Debug|Win32
		{1877D787-C4D5-486D-82A3-0FC44E9F7EEC}.Debug|x86.Build.0 = Debug|Win32
		{1877D787-C4D5-486D-82A3-0FC44E9F7EEC}.Release|x64.ActiveCfg = Release|x64
		{1877D787-C4D5-486D-82A3-0FC44E9F7EEC}.Release|x64.Build.0 = Release|x64
		{1877D787-C4D5-486D-82A3-0FC44E9F7EEC}.Release|x86.ActiveCfg = Release|Win32
		{1877D787-C4D5-486D-82A3-0FC44E9F7EEC}.Release|x86.Build.0 = Release|Win32
	EndGlobalSection
	GlobalSection(SolutionProperties) = preSolution
		HideSolutionNode = FALSE
	EndGlobalSection
	GlobalSection(ExtensibilityGlobals) = postSolution
		SolutionGuid = {AD98B891-97C6-4E8B-A13A-1971FD969762}
	EndGlobalSection
EndGlobal
